
Microsoft Visual Studio Solution File, Format Version 12.00
# Visual Studio Version 17
VisualStudioVersion = 17.14.36212.18 d17.14
MinimumVisualStudioVersion = 10.0.40219.1
Project("{FAE04EC0-301F-11D3-BF4B-00C04F79EFBC}") = "Procrastinator", "Procrastinator\Procrastinator.csproj", "{0DDD6C9F-E1CA-43EB-8628-C26F7CE617B5}"
EndProject
Global
	GlobalSection(SolutionConfigurationPlatforms) = preSolution
		Debug|Any CPU = Debug|Any CPU
		Release|Any CPU = Release|Any CPU
	EndGlobalSection
	GlobalSection(ProjectConfigurationPlatforms) = postSolution
		{0DDD6C9F-E1CA-43EB-8628-C26F7CE617B5}.Debug|Any CPU.ActiveCfg = Debug|Any CPU
		{0DDD6C9F-E1CA-43EB-8628-C26F7CE617B5}.Debug|Any CPU.Build.0 = Debug|Any CPU
		{0DDD6C9F-E1CA-43EB-8628-C26F7CE617B5}.Release|Any CPU.ActiveCfg = Release|Any CPU
		{0DDD6C9F-E1CA-43EB-8628-C26F7CE617B5}.Release|Any CPU.Build.0 = Release|Any CPU
	EndGlobalSection
	GlobalSection(SolutionProperties) = preSolution
		HideSolutionNode = FALSE
	EndGlobalSection
	GlobalSection(ExtensibilityGlobals) = postSolution
		SolutionGuid = {A8390852-8074-458C-AF40-04A1B7F95226}
	EndGlobalSection
EndGlobal
